{
  "lockfile-version": 1,
  "manifest": {
    "schema-version": "1.10.0",
    "install": {
      "gnumake": {
        "pkg-path": "gnumake",
        "outputs": "all"
      },
      "packer": {
        "pkg-path": "packer"
      },
      "remake": {
        "pkg-path": "remake"
      },
      "tart": {
        "pkg-path": "tart",
        "systems": [
          "x86_64-darwin",
          "aarch64-darwin"
        ]
      }
    },
    "hook": {},
    "profile": {},
    "options": {}
  },
  "packages": [
    {
      "attr_path": "gnumake",
      "broken": false,
      "derivation": "/nix/store/3xnl7bnnfqf55gp0d5d2zxqxw4a1qdnc-gnumake-4.4.1.drv",
      "description": "Tool to control the generation of non-source files from sources",
      "install_id": "gnumake",
      "license": "GPL-3.0-or-later",
      "locked_url": "https://github.com/flox/nixpkgs?rev=b40629efe5d6ec48dd1efba650c797ddbd39ace0",
      "name": "gnumake-4.4.1",
      "pname": "gnumake",
      "rev": "b40629efe5d6ec48dd1efba650c797ddbd39ace0",
      "rev_count": 964859,
      "rev_date": "2026-03-18T08:17:15Z",
      "scrape_date": "2026-03-20T00:40:12.351686Z",
      "stabilities": [
        "staging",
        "unstable"
      ],
      "unfree": false,
      "version": "4.4.1",
      "outputs_to_install": [
        "man",
        "man",
        "man",
        "man",
        "out",
        "out",
        "out",
        "out"
      ],
      "outputs": {
        "doc": "/nix/store/rz0cl03rws25hb625ysz58h4jci9zaxx-gnumake-4.4.1-doc",
        "info": "/nix/store/a5aasi52xsdvwxn1kqsxahfr40b92cb9-gnumake-4.4.1-info",
        "man": "/nix/store/0qrs1ij6pa43h6d2kvy432gii6gzdyww-gnumake-4.4.1-man",
        "out": "/nix/store/l8jkq4dnsknlxz436w6gw5rcm09mvq6p-gnumake-4.4.1"
      },
      "system": "aarch64-darwin",
      "group": "toplevel",
      "priority": 5
    },
    {
      "attr_path": "gnumake",
      "broken": false,
      "derivation": "/nix/store/h3l8lwva97yc37fjwvd4l26gsk9vhfs3-gnumake-4.4.1.drv",
      "description": "Tool to control the generation of non-source files from sources",
      "install_id": "gnumake",
      "license": "GPL-3.0-or-later",
      "locked_url": "https://github.com/flox/nixpkgs?rev=b40629efe5d6ec48dd1efba650c797ddbd39ace0",
      "name": "gnumake-4.4.1",
      "pname": "gnumake",
      "rev": "b40629efe5d6ec48dd1efba650c797ddbd39ace0",
      "rev_count": 964859,
      "rev_date": "2026-03-18T08:17:15Z",
      "scrape_date": "2026-03-20T01:11:39.825428Z",
      "stabilities": [
        "staging",
        "unstable"
      ],
      "unfree": false,
      "version": "4.4.1",
      "outputs_to_install": [
        "man",
        "out"
      ],
      "outputs": {
        "debug": "/nix/store/1ba52w1pz1h7jfi4kc02m21jxvncwb14-gnumake-4.4.1-debug",
        "doc": "/nix/store/r238n9mfsxpl826l35127ng810pifb7c-gnumake-4.4.1-doc",
        "info": "/nix/store/d49b6qcdpzxqifrysyc2a63x2hdcgbyn-gnumake-4.4.1-info",
        "man": "/nix/store/3avxkf4xbqp7r0sarmij3cs6ig2whn0l-gnumake-4.4.1-man",
        "out": "/nix/store/ll59b86m0kn5gxmk0qvrgb5vkl7wsw6d-gnumake-4.4.1"
      },
      "system": "aarch64-linux",
      "group": "toplevel",
      "priority": 5
    },
    {
      "attr_path": "gnumake",
      "broken": false,
      "derivation": "/nix/store/mlc70ynlrd4vjr1w13s8a2qkwa44p9pj-gnumake-4.4.1.drv",
      "description": "Tool to control the generation of non-source files from sources",
      "install_id": "gnumake",
      "license": "GPL-3.0-or-later",
      "locked_url": "https://github.com/flox/nixpkgs?rev=b40629efe5d6ec48dd1efba650c797ddbd39ace0",
      "name": "gnumake-4.4.1",
      "pname": "gnumake",
      "rev": "b40629efe5d6ec48dd1efba650c797ddbd39ace0",
      "rev_count": 964859,
      "rev_date": "2026-03-18T08:17:15Z",
      "scrape_date": "2026-03-20T01:41:36.869456Z",
      "stabilities": [
        "staging",
        "unstable"
      ],
      "unfree": false,
      "version": "4.4.1",
      "outputs_to_install": [
        "man",
        "out"
      ],
      "outputs": {
        "doc": "/nix/store/d5iqi0n18b0qhkdzn43ninhwlnr6cp5y-gnumake-4.4.1-doc",
        "info": "/nix/store/cr97vh5g50wql7k3v7gvkiinxyq3plbq-gnumake-4.4.1-info",
        "man": "/nix/store/1pvfnfv9abkm4w76r728bhbl7i1fm0vv-gnumake-4.4.1-man",
        "out": "/nix/store/vrsm757lm1rfwqplz17cynq1g9fcyv8w-gnumake-4.4.1"
      },
      "system": "x86_64-darwin",
      "group": "toplevel",
      "priority": 5
    },
    {
      "attr_path": "gnumake",
      "broken": false,
      "derivation": "/nix/store/qplc112r2iwqrhw1di10yyjfipahkiik-gnumake-4.4.1.drv",
      "description": "Tool to control the generation of non-source files from sources",
      "install_id": "gnumake",
      "license": "GPL-3.0-or-later",
      "locked_url": "https://github.com/flox/nixpkgs?rev=b40629efe5d6ec48dd1efba650c797ddbd39ace0",
      "name": "gnumake-4.4.1",
      "pname": "gnumake",
      "rev": "b40629efe5d6ec48dd1efba650c797ddbd39ace0",
      "rev_count": 964859,
      "rev_date": "2026-03-18T08:17:15Z",
      "scrape_date": "2026-03-20T02:16:27.226228Z",
      "stabilities": [
        "staging",
        "unstable"
      ],
      "unfree": false,
      "version": "4.4.1",
      "outputs_to_install": [
        "man",
        "out"
      ],
      "outputs": {
        "debug": "/nix/store/lja6ghxrkm2c0i6cgyd88ckpzkdiwjy4-gnumake-4.4.1-debug",
        "doc": "/nix/store/s5mwixm6ks90jxkz69vsl4mdafqqw4kb-gnumake-4.4.1-doc",
        "info": "/nix/store/d0jpi3dn36051rnlpcl218yjc2k2mm79-gnumake-4.4.1-info",
        "man": "/nix/store/glc6p5665hd292d3lx1a7rz3f8zwb0r2-gnumake-4.4.1-man",
        "out": "/nix/store/d0irz6jq0d16h6iggq1mcwwvvxzi4lvy-gnumake-4.4.1"
      },
      "system": "x86_64-linux",
      "group": "toplevel",
      "priority": 5
    },
    {
      "attr_path": "packer",
      "broken": false,
      "derivation": "/nix/store/wvyacgrmpgzjp97aazbjrvypz7a9zr1k-packer-1.15.0.drv",
      "description": "Tool for creating identical machine images for multiple platforms from a single source configuration",
      "install_id": "packer",
      "license": "BUSL-1.1",
      "locked_url": "https://github.com/flox/nixpkgs?rev=b40629efe5d6ec48dd1efba650c797ddbd39ace0",
      "name": "packer-1.15.0",
      "pname": "packer",
      "rev": "b40629efe5d6ec48dd1efba650c797ddbd39ace0",
      "rev_count": 964859,
      "rev_date": "2026-03-18T08:17:15Z",
      "scrape_date": "2026-03-20T00:40:41.156828Z",
      "stabilities": [
        "staging",
        "unstable"
      ],
      "unfree": true,
      "version": "1.15.0",
      "outputs_to_install": [
        "out"
      ],
      "outputs": {
        "out": "/nix/store/2kzaj1m9znkgyyr5m91ckxd4z24kn8xg-packer-1.15.0"
      },
      "system": "aarch64-darwin",
      "group": "toplevel",
      "priority": 5
    },
    {
      "attr_path": "packer",
      "broken": false,
      "derivation": "/nix/store/2256qqs4xiii1spr3gd8hrnn36g1phbz-packer-1.15.0.drv",
      "description": "Tool for creating identical machine images for multiple platforms from a single source configuration",
      "install_id": "packer",
      "license": "BUSL-1.1",
      "locked_url": "https://github.com/flox/nixpkgs?rev=b40629efe5d6ec48dd1efba650c797ddbd39ace0",
      "name": "packer-1.15.0",
      "pname": "packer",
      "rev": "b40629efe5d6ec48dd1efba650c797ddbd39ace0",
      "rev_count": 964859,
      "rev_date": "2026-03-18T08:17:15Z",
      "scrape_date": "2026-03-20T01:12:25.078514Z",
      "stabilities": [
        "staging",
        "unstable"
      ],
      "unfree": true,
      "version": "1.15.0",
      "outputs_to_install": [
        "out"
      ],
      "outputs": {
        "out": "/nix/store/lv9k151bgvg7xvjiczm4krylz9rya0xc-packer-1.15.0"
      },
      "system": "aarch64-linux",
      "group": "toplevel",
      "priority": 5
    },
    {
      "attr_path": "packer",
      "broken": false,
      "derivation": "/nix/store/pfy6brv4jinw7bbmh2hsqv5hh8nwvll7-packer-1.15.0.drv",
      "description": "Tool for creating identical machine images for multiple platforms from a single source configuration",
      "install_id": "packer",
      "license": "BUSL-1.1",
      "locked_url": "https://github.com/flox/nixpkgs?rev=b40629efe5d6ec48dd1efba650c797ddbd39ace0",
      "name": "packer-1.15.0",
      "pname": "packer",
      "rev": "b40629efe5d6ec48dd1efba650c797ddbd39ace0",
      "rev_count": 964859,
      "rev_date": "2026-03-18T08:17:15Z",
      "scrape_date": "2026-03-20T01:42:05.401090Z",
      "stabilities": [
        "staging",
        "unstable"
      ],
      "unfree": true,
      "version": "1.15.0",
      "outputs_to_install": [
        "out"
      ],
      "outputs": {
        "out": "/nix/store/vqgd4mnq8vjs70svsvpc4yajhj4ycqp0-packer-1.15.0"
      },
      "system": "x86_64-darwin",
      "group": "toplevel",
      "priority": 5
    },
    {
      "attr_path": "packer",
      "broken": false,
      "derivation": "/nix/store/nzinh8v2swn5yma0y388yw5rkfqj7w39-packer-1.15.0.drv",
      "description": "Tool for creating identical machine images for multiple platforms from a single source configuration",
      "install_id": "packer",
      "license": "BUSL-1.1",
      "locked_url": "https://github.com/flox/nixpkgs?rev=b40629efe5d6ec48dd1efba650c797ddbd39ace0",
      "name": "packer-1.15.0",
      "pname": "packer",
      "rev": "b40629efe5d6ec48dd1efba650c797ddbd39ace0",
      "rev_count": 964859,
      "rev_date": "2026-03-18T08:17:15Z",
      "scrape_date": "2026-03-20T02:17:16.422131Z",
      "stabilities": [
        "staging",
        "unstable"
      ],
      "unfree": true,
      "version": "1.15.0",
      "outputs_to_install": [
        "out"
      ],
      "outputs": {
        "out": "/nix/store/0xlmazgpvf60ff6c3dk247h0283v8s63-packer-1.15.0"
      },
      "system": "x86_64-linux",
      "group": "toplevel",
      "priority": 5
    },
    {
      "attr_path": "remake",
      "broken": false,
      "derivation": "/nix/store/vxwwlq24pzkf9v5r61da85b69rj2iz08-remake-4.3+dbg-1.6.drv",
      "description": "GNU Make with comprehensible tracing and a debugger",
      "install_id": "remake",
      "license": "GPL-3.0-or-later",
      "locked_url": "https://github.com/flox/nixpkgs?rev=b40629efe5d6ec48dd1efba650c797ddbd39ace0",
      "name": "remake-4.3+dbg-1.6",
      "pname": "remake",
      "rev": "b40629efe5d6ec48dd1efba650c797ddbd39ace0",
      "rev_count": 964859,
      "rev_date": "2026-03-18T08:17:15Z",
      "scrape_date": "2026-03-20T00:41:38.105518Z",
      "stabilities": [
        "staging",
        "unstable"
      ],
      "unfree": false,
      "version": "1.6",
      "outputs_to_install": [
        "out"
      ],
      "outputs": {
        "out": "/nix/store/367vq9hrvdp70gx9bjw3lx7wkxifbpzf-remake-4.3+dbg-1.6"
      },
      "system": "aarch64-darwin",
      "group": "toplevel",
      "priority": 5
    },
    {
      "attr_path": "remake",
      "broken": false,
      "derivation": "/nix/store/754g8rknkjfrb52cryc23rlpnlfcl0g2-remake-4.3+dbg-1.6.drv",
      "description": "GNU Make with comprehensible tracing and a debugger",
      "install_id": "remake",
      "license": "GPL-3.0-or-later",
      "locked_url": "https://github.com/flox/nixpkgs?rev=b40629efe5d6ec48dd1efba650c797ddbd39ace0",
      "name": "remake-4.3+dbg-1.6",
      "pname": "remake",
      "rev": "b40629efe5d6ec48dd1efba650c797ddbd39ace0",
      "rev_count": 964859,
      "rev_date": "2026-03-18T08:17:15Z",
      "scrape_date": "2026-03-20T01:13:39.612804Z",
      "stabilities": [
        "staging",
        "unstable"
      ],
      "unfree": false,
      "version": "1.6",
      "outputs_to_install": [
        "out"
      ],
      "outputs": {
        "out": "/nix/store/qmcyz52ikcgsnvr5p14znq74g10bm7kr-remake-4.3+dbg-1.6"
      },
      "system": "aarch64-linux",
      "group": "toplevel",
      "priority": 5
    },
    {
      "attr_path": "remake",
      "broken": false,
      "derivation": "/nix/store/vg16s9f6ahpwr5jhlapybmkpggfzr1w6-remake-4.3+dbg-1.6.drv",
      "description": "GNU Make with comprehensible tracing and a debugger",
      "install_id": "remake",
      "license": "GPL-3.0-or-later",
      "locked_url": "https://github.com/flox/nixpkgs?rev=b40629efe5d6ec48dd1efba650c797ddbd39ace0",
      "name": "remake-4.3+dbg-1.6",
      "pname": "remake",
      "rev": "b40629efe5d6ec48dd1efba650c797ddbd39ace0",
      "rev_count": 964859,
      "rev_date": "2026-03-18T08:17:15Z",
      "scrape_date": "2026-03-20T01:42:59.835999Z",
      "stabilities": [
        "staging",
        "unstable"
      ],
      "unfree": false,
      "version": "1.6",
      "outputs_to_install": [
        "out"
      ],
      "outputs": {
        "out": "/nix/store/8hhqc1ln75l0yj4cvknw26qhlz6s17a7-remake-4.3+dbg-1.6"
      },
      "system": "x86_64-darwin",
      "group": "toplevel",
      "priority": 5
    },
    {
      "attr_path": "remake",
      "broken": false,
      "derivation": "/nix/store/mk26g6l6c48fzrdwm0cdbn0y245c8v1s-remake-4.3+dbg-1.6.drv",
      "description": "GNU Make with comprehensible tracing and a debugger",
      "install_id": "remake",
      "license": "GPL-3.0-or-later",
      "locked_url": "https://github.com/flox/nixpkgs?rev=b40629efe5d6ec48dd1efba650c797ddbd39ace0",
      "name": "remake-4.3+dbg-1.6",
      "pname": "remake",
      "rev": "b40629efe5d6ec48dd1efba650c797ddbd39ace0",
      "rev_count": 964859,
      "rev_date": "2026-03-18T08:17:15Z",
      "scrape_date": "2026-03-20T02:18:33.947505Z",
      "stabilities": [
        "staging",
        "unstable"
      ],
      "unfree": false,
      "version": "1.6",
      "outputs_to_install": [
        "out"
      ],
      "outputs": {
        "out": "/nix/store/76yrj6cxxz445wjzrigqf3zlalgjmz8b-remake-4.3+dbg-1.6"
      },
      "system": "x86_64-linux",
      "group": "toplevel",
      "priority": 5
    },
    {
      "attr_path": "tart",
      "broken": false,
      "derivation": "/nix/store/30znc8y4ny6pr17jbiv4wwwznc8rrqjp-tart-2.30.6.drv",
      "description": "macOS and Linux VMs on Apple Silicon to use in CI and other automations",
      "install_id": "tart",
      "license": "Fair Source License, version 0.9",
      "locked_url": "https://github.com/flox/nixpkgs?rev=b40629efe5d6ec48dd1efba650c797ddbd39ace0",
      "name": "tart-2.30.6",
      "pname": "tart",
      "rev": "b40629efe5d6ec48dd1efba650c797ddbd39ace0",
      "rev_count": 964859,
      "rev_date": "2026-03-18T08:17:15Z",
      "scrape_date": "2026-03-20T00:42:02.304189Z",
      "stabilities": [
        "staging",
        "unstable"
      ],
      "unfree": true,
      "version": "2.30.6",
      "outputs_to_install": [
        "out"
      ],
      "outputs": {
        "out": "/nix/store/cxn82n5rcyx1wzjr4hdxkpffg1p3j5xk-tart-2.30.6"
      },
      "system": "aarch64-darwin",
      "group": "toplevel",
      "priority": 5
    },
    {
      "attr_path": "tart",
      "broken": false,
      "derivation": "/nix/store/4b1cazb8spw9aagj7i3q9si3xxms0wf8-tart-2.30.6.drv",
      "description": "macOS and Linux VMs on Apple Silicon to use in CI and other automations",
      "install_id": "tart",
      "license": "Fair Source License, version 0.9",
      "locked_url": "https://github.com/flox/nixpkgs?rev=b40629efe5d6ec48dd1efba650c797ddbd39ace0",
      "name": "tart-2.30.6",
      "pname": "tart",
      "rev": "b40629efe5d6ec48dd1efba650c797ddbd39ace0",
      "rev_count": 964859,
      "rev_date": "2026-03-18T08:17:15Z",
      "scrape_date": "2026-03-20T01:43:23.287383Z",
      "stabilities": [
        "staging",
        "unstable"
      ],
      "unfree": true,
      "version": "2.30.6",
      "outputs_to_install": [
        "out"
      ],
      "outputs": {
        "out": "/nix/store/jgw4pw6jch8yz8anhhmyxp360v8ip4f9-tart-2.30.6"
      },
      "system": "x86_64-darwin",
      "group": "toplevel",
      "priority": 5
    }
  ]
}
